
Microsoft Visual Studio Solution File, Format Version 12.00
# Visual Studio Version 17
VisualStudioVersion = 17.0.32112.339
MinimumVisualStudioVersion = 10.0.40219.1
Project("{FAE04EC0-301F-11D3-BF4B-00C04F79EFBC}") = "RPC-Authentication", "RPC-Authentication.csproj", "{7EE3C505-1367-450B-86FB-8AB4A1DB9A11}"
EndProject
Global
	GlobalSection(SolutionConfigurationPlatforms) = preSolution
		Debug|Any CPU = Debug|Any CPU
		Release|Any CPU = Release|Any CPU
	EndGlobalSection
	GlobalSection(ProjectConfigurationPlatforms) = postSolution
		{7EE3C505-1367-450B-86FB-8AB4A1DB9A11}.Debug|Any CPU.ActiveCfg = Debug|Any CPU
		{7EE3C505-1367-450B-86FB-8AB4A1DB9A11}.Debug|Any CPU.Build.0 = Debug|Any CPU
		{7EE3C505-1367-450B-86FB-8AB4A1DB9A11}.Release|Any CPU.ActiveCfg = Release|Any CPU
		{7EE3C505-1367-450B-86FB-8AB4A1DB9A11}.Release|Any CPU.Build.0 = Release|Any CPU
	EndGlobalSection
	GlobalSection(SolutionProperties) = preSolution
		HideSolutionNode = FALSE
	EndGlobalSection
	GlobalSection(ExtensibilityGlobals) = postSolution
		SolutionGuid = {5829C889-89FC-468E-B3A4-C3C8933D26D3}
	EndGlobalSection
EndGlobal
